
Microsoft Visual Studio Solution File, Format Version 12.00
# Visual Studio Version 16
VisualStudioVersion = 16.0.29409.12
MinimumVisualStudioVersion = 10.0.40219.1
Project("{FAE04EC0-301F-11D3-BF4B-00C04F79EFBC}") = "fluXis.Desktop", "fluXis.Desktop\fluXis.Desktop.csproj", "{AEB3FC89-DC3E-4BC9-9EC7-03B72FC5D849}"
EndProject
Project("{FAE04EC0-301F-11D3-BF4B-00C04F79EFBC}") = "fluXis", "fluXis\fluXis.csproj", "{1ADACD09-7BE3-46A1-AEAB-C41E78E8700F}"
EndProject
Project("{FAE04EC0-301F-11D3-BF4B-00C04F79EFBC}") = "fluXis.Resources", "fluXis.Resources\fluXis.Resources.csproj", "{31D3872C-3A4F-437E-9655-3EF58DD62F46}"
EndProject
Project("{2150E333-8FDC-42A3-9474-1A3956D46DE8}") = "Solution Items", "Solution Items", "{9AF9C164-2A9E-4958-BB12-0FEDC40F58EC}"
	ProjectSection(SolutionItems) = preProject
		.editorconfig = .editorconfig
		Directory.Build.props = Directory.Build.props
		fluXis.sln.DotSettings = fluXis.sln.DotSettings
	EndProjectSection
EndProject
Project("{FAE04EC0-301F-11D3-BF4B-00C04F79EFBC}") = "fluXis.Tests", "fluXis.Tests\fluXis.Tests.csproj", "{6D6FB17E-4D5B-4248-A135-8EFE0A4BDAAB}"
EndProject
Project("{FAE04EC0-301F-11D3-BF4B-00C04F79EFBC}") = "fluXis.Android", "fluXis.Android\fluXis.Android.csproj", "{4B7EBE2F-EC30-4E39-A979-A7B6F06DF8D3}"
EndProject
Project("{FAE04EC0-301F-11D3-BF4B-00C04F79EFBC}") = "fluXis.Import.Quaver", "fluXis.Import.Quaver\fluXis.Import.Quaver.csproj", "{548C68A6-4998-48D2-9EEC-4FD159F256F4}"
EndProject
Project("{FAE04EC0-301F-11D3-BF4B-00C04F79EFBC}") = "fluXis.Import.osu", "fluXis.Import.osu\fluXis.Import.osu.csproj", "{19C19CD2-DA19-42F6-A381-45145AB417A4}"
EndProject
Project("{FAE04EC0-301F-11D3-BF4B-00C04F79EFBC}") = "fluXis.Import.Stepmania", "fluXis.Import.Stepmania\fluXis.Import.Stepmania.csproj", "{D6386B1C-DD5D-4EC6-AF18-79A20B64D468}"
EndProject
Project("{FAE04EC0-301F-11D3-BF4B-00C04F79EFBC}") = "Midori", "..\..\flustix\Midori\Midori\Midori.csproj", "{F776CCEA-627D-4413-BFA6-CD8758790DD2}"
EndProject
Global
	GlobalSection(SolutionConfigurationPlatforms) = preSolution
		Debug|Any CPU = Debug|Any CPU
		Release|Any CPU = Release|Any CPU
		Debug|iPhone = Debug|iPhone
		Debug|iPhoneSimulator = Debug|iPhoneSimulator
		Release|iPhone = Release|iPhone
		Release|iPhoneSimulator = Release|iPhoneSimulator
	EndGlobalSection
	GlobalSection(ProjectConfigurationPlatforms) = postSolution
		{AEB3FC89-DC3E-4BC9-9EC7-03B72FC5D849}.Debug|Any CPU.ActiveCfg = Debug|Any CPU
		{AEB3FC89-DC3E-4BC9-9EC7-03B72FC5D849}.Debug|Any CPU.Build.0 = Debug|Any CPU
		{AEB3FC89-DC3E-4BC9-9EC7-03B72FC5D849}.Release|Any CPU.ActiveCfg = Release|Any CPU
		{AEB3FC89-DC3E-4BC9-9EC7-03B72FC5D849}.Release|Any CPU.Build.0 = Release|Any CPU
		{1ADACD09-7BE3-46A1-AEAB-C41E78E8700F}.Debug|Any CPU.ActiveCfg = Debug|Any CPU
		{1ADACD09-7BE3-46A1-AEAB-C41E78E8700F}.Debug|Any CPU.Build.0 = Debug|Any CPU
		{1ADACD09-7BE3-46A1-AEAB-C41E78E8700F}.Release|Any CPU.ActiveCfg = Release|Any CPU
		{1ADACD09-7BE3-46A1-AEAB-C41E78E8700F}.Release|Any CPU.Build.0 = Release|Any CPU
		{0A9CA1A5-5147-4AA8-9B9D-87178DE5A78D}.Debug|Any CPU.ActiveCfg = Debug|Any CPU
		{0A9CA1A5-5147-4AA8-9B9D-87178DE5A78D}.Release|Any CPU.ActiveCfg = Release|Any CPU
		{0A9CA1A5-5147-4AA8-9B9D-87178DE5A78D}.Release|Any CPU.Build.0 = Release|Any CPU
		{31D3872C-3A4F-437E-9655-3EF58DD62F46}.Debug|Any CPU.ActiveCfg = Debug|Any CPU
		{31D3872C-3A4F-437E-9655-3EF58DD62F46}.Debug|Any CPU.Build.0 = Debug|Any CPU
		{31D3872C-3A4F-437E-9655-3EF58DD62F46}.Release|Any CPU.ActiveCfg = Release|Any CPU
		{31D3872C-3A4F-437E-9655-3EF58DD62F46}.Release|Any CPU.Build.0 = Release|Any CPU
		{31D3872C-3A4F-437E-9655-3EF58DD62F46}.Debug|iPhone.ActiveCfg = Debug|Any CPU
		{31D3872C-3A4F-437E-9655-3EF58DD62F46}.Debug|iPhone.Build.0 = Debug|Any CPU
		{31D3872C-3A4F-437E-9655-3EF58DD62F46}.Debug|iPhoneSimulator.ActiveCfg = Debug|Any CPU
		{31D3872C-3A4F-437E-9655-3EF58DD62F46}.Debug|iPhoneSimulator.Build.0 = Debug|Any CPU
		{31D3872C-3A4F-437E-9655-3EF58DD62F46}.Release|iPhone.ActiveCfg = Release|Any CPU
		{31D3872C-3A4F-437E-9655-3EF58DD62F46}.Release|iPhone.Build.0 = Release|Any CPU
		{31D3872C-3A4F-437E-9655-3EF58DD62F46}.Release|iPhoneSimulator.ActiveCfg = Release|Any CPU
		{31D3872C-3A4F-437E-9655-3EF58DD62F46}.Release|iPhoneSimulator.Build.0 = Release|Any CPU
		{6D6FB17E-4D5B-4248-A135-8EFE0A4BDAAB}.Debug|Any CPU.ActiveCfg = Debug|Any CPU
		{6D6FB17E-4D5B-4248-A135-8EFE0A4BDAAB}.Debug|Any CPU.Build.0 = Debug|Any CPU
		{6D6FB17E-4D5B-4248-A135-8EFE0A4BDAAB}.Release|Any CPU.ActiveCfg = Release|Any CPU
		{6D6FB17E-4D5B-4248-A135-8EFE0A4BDAAB}.Release|Any CPU.Build.0 = Release|Any CPU
		{6D6FB17E-4D5B-4248-A135-8EFE0A4BDAAB}.Debug|iPhone.ActiveCfg = Debug|Any CPU
		{6D6FB17E-4D5B-4248-A135-8EFE0A4BDAAB}.Debug|iPhone.Build.0 = Debug|Any CPU
		{6D6FB17E-4D5B-4248-A135-8EFE0A4BDAAB}.Debug|iPhoneSimulator.ActiveCfg = Debug|Any CPU
		{6D6FB17E-4D5B-4248-A135-8EFE0A4BDAAB}.Debug|iPhoneSimulator.Build.0 = Debug|Any CPU
		{6D6FB17E-4D5B-4248-A135-8EFE0A4BDAAB}.Release|iPhone.ActiveCfg = Release|Any CPU
		{6D6FB17E-4D5B-4248-A135-8EFE0A4BDAAB}.Release|iPhone.Build.0 = Release|Any CPU
		{6D6FB17E-4D5B-4248-A135-8EFE0A4BDAAB}.Release|iPhoneSimulator.ActiveCfg = Release|Any CPU
		{6D6FB17E-4D5B-4248-A135-8EFE0A4BDAAB}.Release|iPhoneSimulator.Build.0 = Release|Any CPU
		{4B7EBE2F-EC30-4E39-A979-A7B6F06DF8D3}.Debug|Any CPU.ActiveCfg = Debug|Any CPU
		{4B7EBE2F-EC30-4E39-A979-A7B6F06DF8D3}.Debug|Any CPU.Build.0 = Debug|Any CPU
		{4B7EBE2F-EC30-4E39-A979-A7B6F06DF8D3}.Release|Any CPU.ActiveCfg = Release|Any CPU
		{4B7EBE2F-EC30-4E39-A979-A7B6F06DF8D3}.Release|Any CPU.Build.0 = Release|Any CPU
		{4B7EBE2F-EC30-4E39-A979-A7B6F06DF8D3}.Debug|iPhone.ActiveCfg = Debug|Any CPU
		{4B7EBE2F-EC30-4E39-A979-A7B6F06DF8D3}.Debug|iPhone.Build.0 = Debug|Any CPU
		{4B7EBE2F-EC30-4E39-A979-A7B6F06DF8D3}.Debug|iPhoneSimulator.ActiveCfg = Debug|Any CPU
		{4B7EBE2F-EC30-4E39-A979-A7B6F06DF8D3}.Debug|iPhoneSimulator.Build.0 = Debug|Any CPU
		{4B7EBE2F-EC30-4E39-A979-A7B6F06DF8D3}.Release|iPhone.ActiveCfg = Release|Any CPU
		{4B7EBE2F-EC30-4E39-A979-A7B6F06DF8D3}.Release|iPhone.Build.0 = Release|Any CPU
		{4B7EBE2F-EC30-4E39-A979-A7B6F06DF8D3}.Release|iPhoneSimulator.ActiveCfg = Release|Any CPU
		{4B7EBE2F-EC30-4E39-A979-A7B6F06DF8D3}.Release|iPhoneSimulator.Build.0 = Release|Any CPU
		{548C68A6-4998-48D2-9EEC-4FD159F256F4}.Debug|Any CPU.ActiveCfg = Debug|Any CPU
		{548C68A6-4998-48D2-9EEC-4FD159F256F4}.Debug|Any CPU.Build.0 = Debug|Any CPU
		{548C68A6-4998-48D2-9EEC-4FD159F256F4}.Release|Any CPU.ActiveCfg = Release|Any CPU
		{548C68A6-4998-48D2-9EEC-4FD159F256F4}.Release|Any CPU.Build.0 = Release|Any CPU
		{548C68A6-4998-48D2-9EEC-4FD159F256F4}.Debug|iPhone.ActiveCfg = Debug|Any CPU
		{548C68A6-4998-48D2-9EEC-4FD159F256F4}.Debug|iPhone.Build.0 = Debug|Any CPU
		{548C68A6-4998-48D2-9EEC-4FD159F256F4}.Debug|iPhoneSimulator.ActiveCfg = Debug|Any CPU
		{548C68A6-4998-48D2-9EEC-4FD159F256F4}.Debug|iPhoneSimulator.Build.0 = Debug|Any CPU
		{548C68A6-4998-48D2-9EEC-4FD159F256F4}.Release|iPhone.ActiveCfg = Release|Any CPU
		{548C68A6-4998-48D2-9EEC-4FD159F256F4}.Release|iPhone.Build.0 = Release|Any CPU
		{548C68A6-4998-48D2-9EEC-4FD159F256F4}.Release|iPhoneSimulator.ActiveCfg = Release|Any CPU
		{548C68A6-4998-48D2-9EEC-4FD159F256F4}.Release|iPhoneSimulator.Build.0 = Release|Any CPU
		{19C19CD2-DA19-42F6-A381-45145AB417A4}.Debug|Any CPU.ActiveCfg = Debug|Any CPU
		{19C19CD2-DA19-42F6-A381-45145AB417A4}.Debug|Any CPU.Build.0 = Debug|Any CPU
		{19C19CD2-DA19-42F6-A381-45145AB417A4}.Release|Any CPU.ActiveCfg = Release|Any CPU
		{19C19CD2-DA19-42F6-A381-45145AB417A4}.Release|Any CPU.Build.0 = Release|Any CPU
		{19C19CD2-DA19-42F6-A381-45145AB417A4}.Debug|iPhone.ActiveCfg = Debug|Any CPU
		{19C19CD2-DA19-42F6-A381-45145AB417A4}.Debug|iPhone.Build.0 = Debug|Any CPU
		{19C19CD2-DA19-42F6-A381-45145AB417A4}.Debug|iPhoneSimulator.ActiveCfg = Debug|Any CPU
		{19C19CD2-DA19-42F6-A381-45145AB417A4}.Debug|iPhoneSimulator.Build.0 = Debug|Any CPU
		{19C19CD2-DA19-42F6-A381-45145AB417A4}.Release|iPhone.ActiveCfg = Release|Any CPU
		{19C19CD2-DA19-42F6-A381-45145AB417A4}.Release|iPhone.Build.0 = Release|Any CPU
		{19C19CD2-DA19-42F6-A381-45145AB417A4}.Release|iPhoneSimulator.ActiveCfg = Release|Any CPU
		{19C19CD2-DA19-42F6-A381-45145AB417A4}.Release|iPhoneSimulator.Build.0 = Release|Any CPU
		{D6386B1C-DD5D-4EC6-AF18-79A20B64D468}.Debug|Any CPU.ActiveCfg = Debug|Any CPU
		{D6386B1C-DD5D-4EC6-AF18-79A20B64D468}.Debug|Any CPU.Build.0 = Debug|Any CPU
		{D6386B1C-DD5D-4EC6-AF18-79A20B64D468}.Release|Any CPU.ActiveCfg = Release|Any CPU
		{D6386B1C-DD5D-4EC6-AF18-79A20B64D468}.Release|Any CPU.Build.0 = Release|Any CPU
		{D6386B1C-DD5D-4EC6-AF18-79A20B64D468}.Debug|iPhone.ActiveCfg = Debug|Any CPU
		{D6386B1C-DD5D-4EC6-AF18-79A20B64D468}.Debug|iPhone.Build.0 = Debug|Any CPU
		{D6386B1C-DD5D-4EC6-AF18-79A20B64D468}.Debug|iPhoneSimulator.ActiveCfg = Debug|Any CPU
		{D6386B1C-DD5D-4EC6-AF18-79A20B64D468}.Debug|iPhoneSimulator.Build.0 = Debug|Any CPU
		{D6386B1C-DD5D-4EC6-AF18-79A20B64D468}.Release|iPhone.ActiveCfg = Release|Any CPU
		{D6386B1C-DD5D-4EC6-AF18-79A20B64D468}.Release|iPhone.Build.0 = Release|Any CPU
		{D6386B1C-DD5D-4EC6-AF18-79A20B64D468}.Release|iPhoneSimulator.ActiveCfg = Release|Any CPU
		{D6386B1C-DD5D-4EC6-AF18-79A20B64D468}.Release|iPhoneSimulator.Build.0 = Release|Any CPU
		{21AA3FE0-6B08-4DC6-BA96-154E54DA1D36}.Debug|Any CPU.ActiveCfg = Debug|Any CPU
		{21AA3FE0-6B08-4DC6-BA96-154E54DA1D36}.Debug|Any CPU.Build.0 = Debug|Any CPU
		{21AA3FE0-6B08-4DC6-BA96-154E54DA1D36}.Release|Any CPU.ActiveCfg = Release|Any CPU
		{21AA3FE0-6B08-4DC6-BA96-154E54DA1D36}.Release|Any CPU.Build.0 = Release|Any CPU
		{21AA3FE0-6B08-4DC6-BA96-154E54DA1D36}.Debug|iPhone.ActiveCfg = Debug|Any CPU
		{21AA3FE0-6B08-4DC6-BA96-154E54DA1D36}.Debug|iPhone.Build.0 = Debug|Any CPU
		{21AA3FE0-6B08-4DC6-BA96-154E54DA1D36}.Debug|iPhoneSimulator.ActiveCfg = Debug|Any CPU
		{21AA3FE0-6B08-4DC6-BA96-154E54DA1D36}.Debug|iPhoneSimulator.Build.0 = Debug|Any CPU
		{21AA3FE0-6B08-4DC6-BA96-154E54DA1D36}.Release|iPhone.ActiveCfg = Release|Any CPU
		{21AA3FE0-6B08-4DC6-BA96-154E54DA1D36}.Release|iPhone.Build.0 = Release|Any CPU
		{21AA3FE0-6B08-4DC6-BA96-154E54DA1D36}.Release|iPhoneSimulator.ActiveCfg = Release|Any CPU
		{21AA3FE0-6B08-4DC6-BA96-154E54DA1D36}.Release|iPhoneSimulator.Build.0 = Release|Any CPU
		{F776CCEA-627D-4413-BFA6-CD8758790DD2}.Debug|Any CPU.ActiveCfg = Debug|Any CPU
		{F776CCEA-627D-4413-BFA6-CD8758790DD2}.Debug|Any CPU.Build.0 = Debug|Any CPU
		{F776CCEA-627D-4413-BFA6-CD8758790DD2}.Release|Any CPU.ActiveCfg = Release|Any CPU
		{F776CCEA-627D-4413-BFA6-CD8758790DD2}.Release|Any CPU.Build.0 = Release|Any CPU
		{F776CCEA-627D-4413-BFA6-CD8758790DD2}.Debug|iPhone.ActiveCfg = Debug|Any CPU
		{F776CCEA-627D-4413-BFA6-CD8758790DD2}.Debug|iPhone.Build.0 = Debug|Any CPU
		{F776CCEA-627D-4413-BFA6-CD8758790DD2}.Debug|iPhoneSimulator.ActiveCfg = Debug|Any CPU
		{F776CCEA-627D-4413-BFA6-CD8758790DD2}.Debug|iPhoneSimulator.Build.0 = Debug|Any CPU
		{F776CCEA-627D-4413-BFA6-CD8758790DD2}.Release|iPhone.ActiveCfg = Release|Any CPU
		{F776CCEA-627D-4413-BFA6-CD8758790DD2}.Release|iPhone.Build.0 = Release|Any CPU
		{F776CCEA-627D-4413-BFA6-CD8758790DD2}.Release|iPhoneSimulator.ActiveCfg = Release|Any CPU
		{F776CCEA-627D-4413-BFA6-CD8758790DD2}.Release|iPhoneSimulator.Build.0 = Release|Any CPU
	EndGlobalSection
	GlobalSection(SolutionProperties) = preSolution
		HideSolutionNode = FALSE
	EndGlobalSection
EndGlobal
